
Microsoft Visual Studio Solution File, Format Version 12.00
# Visual Studio Version 17
VisualStudioVersion = 17.14.36310.24 d17.14
MinimumVisualStudioVersion = 10.0.40219.1
Project("{FAE04EC0-301F-11D3-BF4B-00C04F79EFBC}") = "bibli", "bibli.csproj", "{63CC41A1-2873-4197-9863-2406CC0C8C1C}"
EndProject
Project("{FAE04EC0-301F-11D3-BF4B-00C04F79EFBC}") = "bibli.Business", "..\bibli.Business\bibli.Business.csproj", "{3C758DB7-AFB9-499F-960B-1E97E5866737}"
EndProject
Project("{FAE04EC0-301F-11D3-BF4B-00C04F79EFBC}") = "bibli.DataAcess", "..\bibli.DataAcess\bibli.DataAcess.csproj", "{9AA12322-479F-44C3-A2FE-5690CE1EE391}"
EndProject
Project("{FAE04EC0-301F-11D3-BF4B-00C04F79EFBC}") = "bibli.DataModel", "..\bibli.DataModel\bibli.DataModel.csproj", "{BB549140-C09F-49C9-B128-801A423BB464}"
EndProject
Project("{2150E333-8FDC-42A3-9474-1A3956D46DE8}") = "Éléments de solution", "Éléments de solution", "{9C8CB701-102D-CF49-A3E0-89AC09D42C2C}"
	ProjectSection(SolutionItems) = preProject
		.gitignore = .gitignore
	EndProjectSection
EndProject
Global
	GlobalSection(SolutionConfigurationPlatforms) = preSolution
		Debug|Any CPU = Debug|Any CPU
		Release|Any CPU = Release|Any CPU
	EndGlobalSection
	GlobalSection(ProjectConfigurationPlatforms) = postSolution
		{63CC41A1-2873-4197-9863-2406CC0C8C1C}.Debug|Any CPU.ActiveCfg = Debug|Any CPU
		{63CC41A1-2873-4197-9863-2406CC0C8C1C}.Debug|Any CPU.Build.0 = Debug|Any CPU
		{63CC41A1-2873-4197-9863-2406CC0C8C1C}.Release|Any CPU.ActiveCfg = Release|Any CPU
		{63CC41A1-2873-4197-9863-2406CC0C8C1C}.Release|Any CPU.Build.0 = Release|Any CPU
		{3C758DB7-AFB9-499F-960B-1E97E5866737}.Debug|Any CPU.ActiveCfg = Debug|Any CPU
		{3C758DB7-AFB9-499F-960B-1E97E5866737}.Debug|Any CPU.Build.0 = Debug|Any CPU
		{3C758DB7-AFB9-499F-960B-1E97E5866737}.Release|Any CPU.ActiveCfg = Release|Any CPU
		{3C758DB7-AFB9-499F-960B-1E97E5866737}.Release|Any CPU.Build.0 = Release|Any CPU
		{9AA12322-479F-44C3-A2FE-5690CE1EE391}.Debug|Any CPU.ActiveCfg = Debug|Any CPU
		{9AA12322-479F-44C3-A2FE-5690CE1EE391}.Debug|Any CPU.Build.0 = Debug|Any CPU
		{9AA12322-479F-44C3-A2FE-5690CE1EE391}.Release|Any CPU.ActiveCfg = Release|Any CPU
		{9AA12322-479F-44C3-A2FE-5690CE1EE391}.Release|Any CPU.Build.0 = Release|Any CPU
		{BB549140-C09F-49C9-B128-801A423BB464}.Debug|Any CPU.ActiveCfg = Debug|Any CPU
		{BB549140-C09F-49C9-B128-801A423BB464}.Debug|Any CPU.Build.0 = Debug|Any CPU
		{BB549140-C09F-49C9-B128-801A423BB464}.Release|Any CPU.ActiveCfg = Release|Any CPU
		{BB549140-C09F-49C9-B128-801A423BB464}.Release|Any CPU.Build.0 = Release|Any CPU
	EndGlobalSection
	GlobalSection(SolutionProperties) = preSolution
		HideSolutionNode = FALSE
	EndGlobalSection
	GlobalSection(ExtensibilityGlobals) = postSolution
		SolutionGuid = {ADD91FE4-83EC-468A-B348-D7FC814D7661}
	EndGlobalSection
EndGlobal
